
Microsoft Visual Studio Solution File, Format Version 12.00
# Visual Studio Version 16
VisualStudioVersion = 16.0.31005.135
MinimumVisualStudioVersion = 10.0.40219.1
Project("{FAE04EC0-301F-11D3-BF4B-00C04F79EFBC}") = "OOP_Project", "OOP_Project.csproj", "{C5DBB3A4-3F47-4427-A700-382035C75D1C}"
EndProject
Global
	GlobalSection(SolutionConfigurationPlatforms) = preSolution
		Debug|Any CPU = Debug|Any CPU
		Release|Any CPU = Release|Any CPU
	EndGlobalSection
	GlobalSection(ProjectConfigurationPlatforms) = postSolution
		{C5DBB3A4-3F47-4427-A700-382035C75D1C}.Debug|Any CPU.ActiveCfg = Debug|Any CPU
		{C5DBB3A4-3F47-4427-A700-382035C75D1C}.Debug|Any CPU.Build.0 = Debug|Any CPU
		{C5DBB3A4-3F47-4427-A700-382035C75D1C}.Release|Any CPU.ActiveCfg = Release|Any CPU
		{C5DBB3A4-3F47-4427-A700-382035C75D1C}.Release|Any CPU.Build.0 = Release|Any CPU
	EndGlobalSection
	GlobalSection(SolutionProperties) = preSolution
		HideSolutionNode = FALSE
	EndGlobalSection
	GlobalSection(ExtensibilityGlobals) = postSolution
		SolutionGuid = {76BB3C41-23E4-4638-968C-95FC3CB5717E}
	EndGlobalSection
EndGlobal
